
Microsoft Visual Studio Solution File, Format Version 12.00
# Visual Studio Version 18
VisualStudioVersion = 18.2.11415.280
MinimumVisualStudioVersion = 10.0.40219.1
Project("{9A19103F-16F7-4668-BE54-9A1E7A4F7556}") = "SengokuScroll.WebApi", "SengokuScroll.WebApi\SengokuScroll.WebApi.csproj", "{F6E7F5B6-A407-4B0E-B308-F93E556A393E}"
EndProject
Project("{9A19103F-16F7-4668-BE54-9A1E7A4F7556}") = "SengokuScroll.WebClient", "SengokuScroll.WebClient\SengokuScroll.WebClient.csproj", "{1D35C0FD-877D-4E09-9073-7EB7D336AFFF}"
EndProject
Project("{FAE04EC0-301F-11D3-BF4B-00C04F79EFBC}") = "SengokuScroll.Common", "SengokuScroll.Common\SengokuScroll.Common.csproj", "{3557C9FC-32CA-4D0B-9964-271E1FECDEFA}"
EndProject
Project("{2150E333-8FDC-42A3-9474-1A3956D46DE8}") = "Solution Items", "Solution Items", "{A8678D14-9551-4F71-985F-0779B8CAA4A5}"
	ProjectSection(SolutionItems) = preProject
		.editorconfig = .editorconfig
	EndProjectSection
EndProject
Project("{2150E333-8FDC-42A3-9474-1A3956D46DE8}") = "Libraries", "Libraries", "{54AC7E3C-7313-4283-ADF9-39178B787783}"
EndProject
Project("{2150E333-8FDC-42A3-9474-1A3956D46DE8}") = "Modes", "Modes", "{7C4A9E2B-1F3D-4A5B-9C8D-0E1F2A3B4C5D}"
EndProject
Project("{FAE04EC0-301F-11D3-BF4B-00C04F79EFBC}") = "SengokuScroll.Domain", "SengokuScroll.Domain\SengokuScroll.Domain.csproj", "{ADDBE2AB-EC0F-4C40-89ED-86AA88D2BA3C}"
EndProject
Project("{2150E333-8FDC-42A3-9474-1A3956D46DE8}") = "UnitTests", "UnitTests", "{F017C309-E84E-4C6C-8DE3-0AB03B7AEE34}"
EndProject
Project("{FAE04EC0-301F-11D3-BF4B-00C04F79EFBC}") = "SengokuScroll.Application", "SengokuScroll.Application\SengokuScroll.Application.csproj", "{FD9DA297-0B40-42B6-A655-426A5666C818}"
EndProject
Project("{FAE04EC0-301F-11D3-BF4B-00C04F79EFBC}") = "SengokuScroll.Application.Tests", "SengokuScroll.Application.Tests\SengokuScroll.Application.Tests.csproj", "{00A40717-4205-4239-AC1C-56EAF3E503E6}"
EndProject
Project("{2150E333-8FDC-42A3-9474-1A3956D46DE8}") = "Infrastructure", "Infrastructure", "{0AE7F11C-0250-4057-B7C2-02215663531C}"
EndProject
Project("{FAE04EC0-301F-11D3-BF4B-00C04F79EFBC}") = "SengokuScroll.Host", "SengokuScroll.Host\SengokuScroll.Host.csproj", "{CB36F7B2-76B2-4975-939F-2EF72040DED1}"
EndProject
Project("{FAE04EC0-301F-11D3-BF4B-00C04F79EFBC}") = "SengokuScroll.Strategy", "SengokuScroll.Strategy\SengokuScroll.Strategy.csproj", "{58FA7B46-27D0-4EE4-A2DA-6BE320DF6170}"
EndProject
Project("{FAE04EC0-301F-11D3-BF4B-00C04F79EFBC}") = "SengokuScroll.Strategy.Tests", "SengokuScroll.Strategy.Tests\SengokuScroll.Strategy.Tests.csproj", "{4F5E6C6D-750F-4C1F-B0AE-4A64EE82F267}"
EndProject
Project("{FAE04EC0-301F-11D3-BF4B-00C04F79EFBC}") = "SengokuScroll.WebApi.Tests", "SengokuScroll.WebApi.Tests\SengokuScroll.WebApi.Tests.csproj", "{4CE80B31-17EF-471B-999C-CA2E2C7153B5}"
EndProject
Project("{FAE04EC0-301F-11D3-BF4B-00C04F79EFBC}") = "SengokuScroll.Localization", "SengokuScroll.Localization\SengokuScroll.Localization.csproj", "{A6D672A3-CE75-4AA5-AFD5-9122EBBB4021}"
EndProject
Global
	GlobalSection(SolutionConfigurationPlatforms) = preSolution
		Debug|Any CPU = Debug|Any CPU
		Debug|x64 = Debug|x64
		Debug|x86 = Debug|x86
		Release|Any CPU = Release|Any CPU
		Release|x64 = Release|x64
		Release|x86 = Release|x86
	EndGlobalSection
	GlobalSection(ProjectConfigurationPlatforms) = postSolution
		{F6E7F5B6-A407-4B0E-B308-F93E556A393E}.Debug|Any CPU.ActiveCfg = Debug|Any CPU
		{F6E7F5B6-A407-4B0E-B308-F93E556A393E}.Debug|Any CPU.Build.0 = Debug|Any CPU
		{F6E7F5B6-A407-4B0E-B308-F93E556A393E}.Debug|x64.ActiveCfg = Debug|Any CPU
		{F6E7F5B6-A407-4B0E-B308-F93E556A393E}.Debug|x64.Build.0 = Debug|Any CPU
		{F6E7F5B6-A407-4B0E-B308-F93E556A393E}.Debug|x86.ActiveCfg = Debug|Any CPU
		{F6E7F5B6-A407-4B0E-B308-F93E556A393E}.Debug|x86.Build.0 = Debug|Any CPU
		{F6E7F5B6-A407-4B0E-B308-F93E556A393E}.Release|Any CPU.ActiveCfg = Release|Any CPU
		{F6E7F5B6-A407-4B0E-B308-F93E556A393E}.Release|Any CPU.Build.0 = Release|Any CPU
		{F6E7F5B6-A407-4B0E-B308-F93E556A393E}.Release|x64.ActiveCfg = Release|Any CPU
		{F6E7F5B6-A407-4B0E-B308-F93E556A393E}.Release|x64.Build.0 = Release|Any CPU
		{F6E7F5B6-A407-4B0E-B308-F93E556A393E}.Release|x86.ActiveCfg = Release|Any CPU
		{F6E7F5B6-A407-4B0E-B308-F93E556A393E}.Release|x86.Build.0 = Release|Any CPU
		{1D35C0FD-877D-4E09-9073-7EB7D336AFFF}.Debug|Any CPU.ActiveCfg = Debug|Any CPU
		{1D35C0FD-877D-4E09-9073-7EB7D336AFFF}.Debug|Any CPU.Build.0 = Debug|Any CPU
		{1D35C0FD-877D-4E09-9073-7EB7D336AFFF}.Debug|x64.ActiveCfg = Debug|Any CPU
		{1D35C0FD-877D-4E09-9073-7EB7D336AFFF}.Debug|x64.Build.0 = Debug|Any CPU
		{1D35C0FD-877D-4E09-9073-7EB7D336AFFF}.Debug|x86.ActiveCfg = Debug|Any CPU
		{1D35C0FD-877D-4E09-9073-7EB7D336AFFF}.Debug|x86.Build.0 = Debug|Any CPU
		{1D35C0FD-877D-4E09-9073-7EB7D336AFFF}.Release|Any CPU.ActiveCfg = Release|Any CPU
		{1D35C0FD-877D-4E09-9073-7EB7D336AFFF}.Release|Any CPU.Build.0 = Release|Any CPU
		{1D35C0FD-877D-4E09-9073-7EB7D336AFFF}.Release|x64.ActiveCfg = Release|Any CPU
		{1D35C0FD-877D-4E09-9073-7EB7D336AFFF}.Release|x64.Build.0 = Release|Any CPU
		{1D35C0FD-877D-4E09-9073-7EB7D336AFFF}.Release|x86.ActiveCfg = Release|Any CPU
		{1D35C0FD-877D-4E09-9073-7EB7D336AFFF}.Release|x86.Build.0 = Release|Any CPU
		{3557C9FC-32CA-4D0B-9964-271E1FECDEFA}.Debug|Any CPU.ActiveCfg = Debug|Any CPU
		{3557C9FC-32CA-4D0B-9964-271E1FECDEFA}.Debug|Any CPU.Build.0 = Debug|Any CPU
		{3557C9FC-32CA-4D0B-9964-271E1FECDEFA}.Debug|x64.ActiveCfg = Debug|Any CPU
		{3557C9FC-32CA-4D0B-9964-271E1FECDEFA}.Debug|x64.Build.0 = Debug|Any CPU
		{3557C9FC-32CA-4D0B-9964-271E1FECDEFA}.Debug|x86.ActiveCfg = Debug|Any CPU
		{3557C9FC-32CA-4D0B-9964-271E1FECDEFA}.Debug|x86.Build.0 = Debug|Any CPU
		{3557C9FC-32CA-4D0B-9964-271E1FECDEFA}.Release|Any CPU.ActiveCfg = Release|Any CPU
		{3557C9FC-32CA-4D0B-9964-271E1FECDEFA}.Release|Any CPU.Build.0 = Release|Any CPU
		{3557C9FC-32CA-4D0B-9964-271E1FECDEFA}.Release|x64.ActiveCfg = Release|Any CPU
		{3557C9FC-32CA-4D0B-9964-271E1FECDEFA}.Release|x64.Build.0 = Release|Any CPU
		{3557C9FC-32CA-4D0B-9964-271E1FECDEFA}.Release|x86.ActiveCfg = Release|Any CPU
		{3557C9FC-32CA-4D0B-9964-271E1FECDEFA}.Release|x86.Build.0 = Release|Any CPU
		{ADDBE2AB-EC0F-4C40-89ED-86AA88D2BA3C}.Debug|Any CPU.ActiveCfg = Debug|Any CPU
		{ADDBE2AB-EC0F-4C40-89ED-86AA88D2BA3C}.Debug|Any CPU.Build.0 = Debug|Any CPU
		{ADDBE2AB-EC0F-4C40-89ED-86AA88D2BA3C}.Debug|x64.ActiveCfg = Debug|Any CPU
		{ADDBE2AB-EC0F-4C40-89ED-86AA88D2BA3C}.Debug|x64.Build.0 = Debug|Any CPU
		{ADDBE2AB-EC0F-4C40-89ED-86AA88D2BA3C}.Debug|x86.ActiveCfg = Debug|Any CPU
		{ADDBE2AB-EC0F-4C40-89ED-86AA88D2BA3C}.Debug|x86.Build.0 = Debug|Any CPU
		{ADDBE2AB-EC0F-4C40-89ED-86AA88D2BA3C}.Release|Any CPU.ActiveCfg = Release|Any CPU
		{ADDBE2AB-EC0F-4C40-89ED-86AA88D2BA3C}.Release|Any CPU.Build.0 = Release|Any CPU
		{ADDBE2AB-EC0F-4C40-89ED-86AA88D2BA3C}.Release|x64.ActiveCfg = Release|Any CPU
		{ADDBE2AB-EC0F-4C40-89ED-86AA88D2BA3C}.Release|x64.Build.0 = Release|Any CPU
		{ADDBE2AB-EC0F-4C40-89ED-86AA88D2BA3C}.Release|x86.ActiveCfg = Release|Any CPU
		{ADDBE2AB-EC0F-4C40-89ED-86AA88D2BA3C}.Release|x86.Build.0 = Release|Any CPU
		{FD9DA297-0B40-42B6-A655-426A5666C818}.Debug|Any CPU.ActiveCfg = Debug|Any CPU
		{FD9DA297-0B40-42B6-A655-426A5666C818}.Debug|Any CPU.Build.0 = Debug|Any CPU
		{FD9DA297-0B40-42B6-A655-426A5666C818}.Debug|x64.ActiveCfg = Debug|Any CPU
		{FD9DA297-0B40-42B6-A655-426A5666C818}.Debug|x64.Build.0 = Debug|Any CPU
		{FD9DA297-0B40-42B6-A655-426A5666C818}.Debug|x86.ActiveCfg = Debug|Any CPU
		{FD9DA297-0B40-42B6-A655-426A5666C818}.Debug|x86.Build.0 = Debug|Any CPU
		{FD9DA297-0B40-42B6-A655-426A5666C818}.Release|Any CPU.ActiveCfg = Release|Any CPU
		{FD9DA297-0B40-42B6-A655-426A5666C818}.Release|Any CPU.Build.0 = Release|Any CPU
		{FD9DA297-0B40-42B6-A655-426A5666C818}.Release|x64.ActiveCfg = Release|Any CPU
		{FD9DA297-0B40-42B6-A655-426A5666C818}.Release|x64.Build.0 = Release|Any CPU
		{FD9DA297-0B40-42B6-A655-426A5666C818}.Release|x86.ActiveCfg = Release|Any CPU
		{FD9DA297-0B40-42B6-A655-426A5666C818}.Release|x86.Build.0 = Release|Any CPU
		{00A40717-4205-4239-AC1C-56EAF3E503E6}.Debug|Any CPU.ActiveCfg = Debug|Any CPU
		{00A40717-4205-4239-AC1C-56EAF3E503E6}.Debug|Any CPU.Build.0 = Debug|Any CPU
		{00A40717-4205-4239-AC1C-56EAF3E503E6}.Debug|x64.ActiveCfg = Debug|Any CPU
		{00A40717-4205-4239-AC1C-56EAF3E503E6}.Debug|x64.Build.0 = Debug|Any CPU
		{00A40717-4205-4239-AC1C-56EAF3E503E6}.Debug|x86.ActiveCfg = Debug|Any CPU
		{00A40717-4205-4239-AC1C-56EAF3E503E6}.Debug|x86.Build.0 = Debug|Any CPU
		{00A40717-4205-4239-AC1C-56EAF3E503E6}.Release|Any CPU.ActiveCfg = Release|Any CPU
		{00A40717-4205-4239-AC1C-56EAF3E503E6}.Release|Any CPU.Build.0 = Release|Any CPU
		{00A40717-4205-4239-AC1C-56EAF3E503E6}.Release|x64.ActiveCfg = Release|Any CPU
		{00A40717-4205-4239-AC1C-56EAF3E503E6}.Release|x64.Build.0 = Release|Any CPU
		{00A40717-4205-4239-AC1C-56EAF3E503E6}.Release|x86.ActiveCfg = Release|Any CPU
		{00A40717-4205-4239-AC1C-56EAF3E503E6}.Release|x86.Build.0 = Release|Any CPU
		{CB36F7B2-76B2-4975-939F-2EF72040DED1}.Debug|Any CPU.ActiveCfg = Debug|Any CPU
		{CB36F7B2-76B2-4975-939F-2EF72040DED1}.Debug|Any CPU.Build.0 = Debug|Any CPU
		{CB36F7B2-76B2-4975-939F-2EF72040DED1}.Debug|x64.ActiveCfg = Debug|Any CPU
		{CB36F7B2-76B2-4975-939F-2EF72040DED1}.Debug|x64.Build.0 = Debug|Any CPU
		{CB36F7B2-76B2-4975-939F-2EF72040DED1}.Debug|x86.ActiveCfg = Debug|Any CPU
		{CB36F7B2-76B2-4975-939F-2EF72040DED1}.Debug|x86.Build.0 = Debug|Any CPU
		{CB36F7B2-76B2-4975-939F-2EF72040DED1}.Release|Any CPU.ActiveCfg = Release|Any CPU
		{CB36F7B2-76B2-4975-939F-2EF72040DED1}.Release|Any CPU.Build.0 = Release|Any CPU
		{CB36F7B2-76B2-4975-939F-2EF72040DED1}.Release|x64.ActiveCfg = Release|Any CPU
		{CB36F7B2-76B2-4975-939F-2EF72040DED1}.Release|x64.Build.0 = Release|Any CPU
		{CB36F7B2-76B2-4975-939F-2EF72040DED1}.Release|x86.ActiveCfg = Release|Any CPU
		{CB36F7B2-76B2-4975-939F-2EF72040DED1}.Release|x86.Build.0 = Release|Any CPU
		{58FA7B46-27D0-4EE4-A2DA-6BE320DF6170}.Debug|Any CPU.ActiveCfg = Debug|Any CPU
		{58FA7B46-27D0-4EE4-A2DA-6BE320DF6170}.Debug|Any CPU.Build.0 = Debug|Any CPU
		{58FA7B46-27D0-4EE4-A2DA-6BE320DF6170}.Debug|x64.ActiveCfg = Debug|Any CPU
		{58FA7B46-27D0-4EE4-A2DA-6BE320DF6170}.Debug|x64.Build.0 = Debug|Any CPU
		{58FA7B46-27D0-4EE4-A2DA-6BE320DF6170}.Debug|x86.ActiveCfg = Debug|Any CPU
		{58FA7B46-27D0-4EE4-A2DA-6BE320DF6170}.Debug|x86.Build.0 = Debug|Any CPU
		{58FA7B46-27D0-4EE4-A2DA-6BE320DF6170}.Release|Any CPU.ActiveCfg = Release|Any CPU
		{58FA7B46-27D0-4EE4-A2DA-6BE320DF6170}.Release|Any CPU.Build.0 = Release|Any CPU
		{58FA7B46-27D0-4EE4-A2DA-6BE320DF6170}.Release|x64.ActiveCfg = Release|Any CPU
		{58FA7B46-27D0-4EE4-A2DA-6BE320DF6170}.Release|x64.Build.0 = Release|Any CPU
		{58FA7B46-27D0-4EE4-A2DA-6BE320DF6170}.Release|x86.ActiveCfg = Release|Any CPU
		{58FA7B46-27D0-4EE4-A2DA-6BE320DF6170}.Release|x86.Build.0 = Release|Any CPU
		{4F5E6C6D-750F-4C1F-B0AE-4A64EE82F267}.Debug|Any CPU.ActiveCfg = Debug|Any CPU
		{4F5E6C6D-750F-4C1F-B0AE-4A64EE82F267}.Debug|Any CPU.Build.0 = Debug|Any CPU
		{4F5E6C6D-750F-4C1F-B0AE-4A64EE82F267}.Debug|x64.ActiveCfg = Debug|Any CPU
		{4F5E6C6D-750F-4C1F-B0AE-4A64EE82F267}.Debug|x64.Build.0 = Debug|Any CPU
		{4F5E6C6D-750F-4C1F-B0AE-4A64EE82F267}.Debug|x86.ActiveCfg = Debug|Any CPU
		{4F5E6C6D-750F-4C1F-B0AE-4A64EE82F267}.Debug|x86.Build.0 = Debug|Any CPU
		{4F5E6C6D-750F-4C1F-B0AE-4A64EE82F267}.Release|Any CPU.ActiveCfg = Release|Any CPU
		{4F5E6C6D-750F-4C1F-B0AE-4A64EE82F267}.Release|Any CPU.Build.0 = Release|Any CPU
		{4F5E6C6D-750F-4C1F-B0AE-4A64EE82F267}.Release|x64.ActiveCfg = Release|Any CPU
		{4F5E6C6D-750F-4C1F-B0AE-4A64EE82F267}.Release|x64.Build.0 = Release|Any CPU
		{4F5E6C6D-750F-4C1F-B0AE-4A64EE82F267}.Release|x86.ActiveCfg = Release|Any CPU
		{4F5E6C6D-750F-4C1F-B0AE-4A64EE82F267}.Release|x86.Build.0 = Release|Any CPU
		{4CE80B31-17EF-471B-999C-CA2E2C7153B5}.Debug|Any CPU.ActiveCfg = Debug|Any CPU
		{4CE80B31-17EF-471B-999C-CA2E2C7153B5}.Debug|Any CPU.Build.0 = Debug|Any CPU
		{4CE80B31-17EF-471B-999C-CA2E2C7153B5}.Debug|x64.ActiveCfg = Debug|Any CPU
		{4CE80B31-17EF-471B-999C-CA2E2C7153B5}.Debug|x64.Build.0 = Debug|Any CPU
		{4CE80B31-17EF-471B-999C-CA2E2C7153B5}.Debug|x86.ActiveCfg = Debug|Any CPU
		{4CE80B31-17EF-471B-999C-CA2E2C7153B5}.Debug|x86.Build.0 = Debug|Any CPU
		{4CE80B31-17EF-471B-999C-CA2E2C7153B5}.Release|Any CPU.ActiveCfg = Release|Any CPU
		{4CE80B31-17EF-471B-999C-CA2E2C7153B5}.Release|Any CPU.Build.0 = Release|Any CPU
		{4CE80B31-17EF-471B-999C-CA2E2C7153B5}.Release|x64.ActiveCfg = Release|Any CPU
		{4CE80B31-17EF-471B-999C-CA2E2C7153B5}.Release|x64.Build.0 = Release|Any CPU
		{4CE80B31-17EF-471B-999C-CA2E2C7153B5}.Release|x86.ActiveCfg = Release|Any CPU
		{4CE80B31-17EF-471B-999C-CA2E2C7153B5}.Release|x86.Build.0 = Release|Any CPU
		{A6D672A3-CE75-4AA5-AFD5-9122EBBB4021}.Debug|Any CPU.ActiveCfg = Debug|Any CPU
		{A6D672A3-CE75-4AA5-AFD5-9122EBBB4021}.Debug|Any CPU.Build.0 = Debug|Any CPU
		{A6D672A3-CE75-4AA5-AFD5-9122EBBB4021}.Debug|x64.ActiveCfg = Debug|Any CPU
		{A6D672A3-CE75-4AA5-AFD5-9122EBBB4021}.Debug|x64.Build.0 = Debug|Any CPU
		{A6D672A3-CE75-4AA5-AFD5-9122EBBB4021}.Debug|x86.ActiveCfg = Debug|Any CPU
		{A6D672A3-CE75-4AA5-AFD5-9122EBBB4021}.Debug|x86.Build.0 = Debug|Any CPU
		{A6D672A3-CE75-4AA5-AFD5-9122EBBB4021}.Release|Any CPU.ActiveCfg = Release|Any CPU
		{A6D672A3-CE75-4AA5-AFD5-9122EBBB4021}.Release|Any CPU.Build.0 = Release|Any CPU
		{A6D672A3-CE75-4AA5-AFD5-9122EBBB4021}.Release|x64.ActiveCfg = Release|Any CPU
		{A6D672A3-CE75-4AA5-AFD5-9122EBBB4021}.Release|x64.Build.0 = Release|Any CPU
		{A6D672A3-CE75-4AA5-AFD5-9122EBBB4021}.Release|x86.ActiveCfg = Release|Any CPU
		{A6D672A3-CE75-4AA5-AFD5-9122EBBB4021}.Release|x86.Build.0 = Release|Any CPU
	EndGlobalSection
	GlobalSection(SolutionProperties) = preSolution
		HideSolutionNode = FALSE
	EndGlobalSection
	GlobalSection(NestedProjects) = preSolution
		{F6E7F5B6-A407-4B0E-B308-F93E556A393E} = {0AE7F11C-0250-4057-B7C2-02215663531C}
		{1D35C0FD-877D-4E09-9073-7EB7D336AFFF} = {0AE7F11C-0250-4057-B7C2-02215663531C}
		{3557C9FC-32CA-4D0B-9964-271E1FECDEFA} = {54AC7E3C-7313-4283-ADF9-39178B787783}
		{ADDBE2AB-EC0F-4C40-89ED-86AA88D2BA3C} = {54AC7E3C-7313-4283-ADF9-39178B787783}
		{FD9DA297-0B40-42B6-A655-426A5666C818} = {54AC7E3C-7313-4283-ADF9-39178B787783}
		{00A40717-4205-4239-AC1C-56EAF3E503E6} = {F017C309-E84E-4C6C-8DE3-0AB03B7AEE34}
		{CB36F7B2-76B2-4975-939F-2EF72040DED1} = {54AC7E3C-7313-4283-ADF9-39178B787783}
		{58FA7B46-27D0-4EE4-A2DA-6BE320DF6170} = {7C4A9E2B-1F3D-4A5B-9C8D-0E1F2A3B4C5D}
		{4F5E6C6D-750F-4C1F-B0AE-4A64EE82F267} = {F017C309-E84E-4C6C-8DE3-0AB03B7AEE34}
		{4CE80B31-17EF-471B-999C-CA2E2C7153B5} = {F017C309-E84E-4C6C-8DE3-0AB03B7AEE34}
	EndGlobalSection
	GlobalSection(ExtensibilityGlobals) = postSolution
		SolutionGuid = {8A116000-C6AC-435D-BACE-2222F127E1A4}
	EndGlobalSection
EndGlobal
